<?xml version="1.0" encoding="utf-8"?>
<Project ToolsVersion="4.0" xmlns="http://schemas.microsoft.com/developer/msbuild/2003">
  <ItemGroup>
    <Filter Include="Common">
      <UniqueIdentifier>eea4b6f6-9d24-4ae5-8b37-9a4274d8c360</UniqueIdentifier>
    </Filter>
    <Filter Include="Assets">
      <UniqueIdentifier>29d2655e-e508-4169-bc23-5c4b6e79fca2</UniqueIdentifier>
      <Extensions>bmp;fbx;gif;jpg;jpeg;tga;tiff;tif;png</Extensions>
    </Filter>
    <Filter Include="Content">
      <UniqueIdentifier>2aef7db2-a874-4819-a8cc-13a761292561</UniqueIdentifier>
    </Filter>
    <ClInclude Include="Common\DirectXHelper.h">
      <Filter>Common</Filter>
    </ClInclude>
    <ClInclude Include="Common\StepTimer.h">
      <Filter>Common</Filter>
    </ClInclude>
    <ClInclude Include="Common\DeviceResources.h">
      <Filter>Common</Filter>
    </ClInclude>
    <ClCompile Include="Common\DeviceResources.cpp">
      <Filter>Common</Filter>
    </ClCompile>
    <ClInclude Include="Content\SampleFpsTextRenderer.h">
      <Filter>Content</Filter>
    </ClInclude>
    <ClInclude Include="Content\ShaderStructures.h">
      <Filter>Content</Filter>
    </ClInclude>
    <ClCompile Include="Content\SampleFpsTextRenderer.cpp">
      <Filter>Content</Filter>
    </ClCompile>
    <Image Include="Assets\LockScreenLogo.scale-200.png">
      <Filter>Assets</Filter>
    </Image>
    <Image Include="Assets\SplashScreen.scale-200.png">
      <Filter>Assets</Filter>
    </Image>
    <Image Include="Assets\Square150x150Logo.scale-200.png">
      <Filter>Assets</Filter>
    </Image>
    <Image Include="Assets\Square44x44Logo.scale-200.png">
      <Filter>Assets</Filter>
    </Image>
    <Image Include="Assets\Square44x44Logo.targetsize-24_altform-unplated.png">
      <Filter>Assets</Filter>
    </Image>
    <Image Include="Assets\Wide310x150Logo.scale-200.png">
      <Filter>Assets</Filter>
    </Image>
    <Filter Include="Content\Depricated">
      <UniqueIdentifier>{53c16397-9641-4b06-b36e-ae0ac805c358}</UniqueIdentifier>
    </Filter>
  </ItemGroup>
  <ItemGroup>
    <ClCompile Include="App.cpp" />
    <ClCompile Include="App2Main.cpp" />
    <ClCompile Include="pch.cpp" />
    <ClCompile Include="Common\DDSTextureLoader.cpp">
      <Filter>Common</Filter>
    </ClCompile>
    <ClCompile Include="Model.cpp">
      <Filter>Content</Filter>
    </ClCompile>
    <ClCompile Include="GeneratedCube.cpp">
      <Filter>Content</Filter>
    </ClCompile>
    <ClCompile Include="RenderSystem.cpp">
      <Filter>Content</Filter>
    </ClCompile>
    <ClCompile Include="Content\Sample3DSceneRenderer.cpp">
      <Filter>Content\Depricated</Filter>
    </ClCompile>
    <ClCompile Include="Content\InstancedModel.cpp">
      <Filter>Content</Filter>
    </ClCompile>
    <ClCompile Include="Content\Skybox.cpp">
      <Filter>Content</Filter>
    </ClCompile>
  </ItemGroup>
  <ItemGroup>
    <ClInclude Include="App.h" />
    <ClInclude Include="App2Main.h" />
    <ClInclude Include="pch.h" />
    <ClInclude Include="Model.h">
      <Filter>Content</Filter>
    </ClInclude>
    <ClInclude Include="ModelLoading.h">
      <Filter>Content</Filter>
    </ClInclude>
    <ClInclude Include="Common\DDSTextureLoader.h">
      <Filter>Common</Filter>
    </ClInclude>
    <ClInclude Include="GeneratedCube.h">
      <Filter>Content</Filter>
    </ClInclude>
    <ClInclude Include="RenderSystem.h">
      <Filter>Content</Filter>
    </ClInclude>
    <ClInclude Include="Content\Sample3DSceneRenderer.h">
      <Filter>Content\Depricated</Filter>
    </ClInclude>
    <ClInclude Include="Content\InstancedModel.h">
      <Filter>Content</Filter>
    </ClInclude>
    <ClInclude Include="Content\Skybox.h">
      <Filter>Content</Filter>
    </ClInclude>
  </ItemGroup>
  <ItemGroup>
    <Image Include="Assets\StoreLogo.png">
      <Filter>Assets</Filter>
    </Image>
    <Image Include="Assets\helicopter.dds">
      <Filter>Assets</Filter>
    </Image>
    <Image Include="Assets\night_skybox.dds">
      <Filter>Assets</Filter>
    </Image>
    <Image Include="Assets\Helicopter.obj">
      <Filter>Assets</Filter>
    </Image>
    <Image Include="Assets\T_HeavyTurret_D.dds">
      <Filter>Assets</Filter>
    </Image>
    <Image Include="Assets\Turret.obj">
      <Filter>Assets</Filter>
    </Image>
    <Image Include="Assets\Turret.mtl">
      <Filter>Assets</Filter>
    </Image>
    <Image Include="Assets\T_HeavyTurret_S.dds">
      <Filter>Assets</Filter>
    </Image>
    <Image Include="Assets\T_HeavyTurret_N.dds" />
  </ItemGroup>
  <ItemGroup>
    <AppxManifest Include="Package.appxmanifest" />
  </ItemGroup>
  <ItemGroup>
    <None Include="App2_TemporaryKey.pfx" />
    <None Include="Assets\Helicopter.mtl">
      <Filter>Assets</Filter>
    </None>
  </ItemGroup>
  <ItemGroup>
    <FxCompile Include="InstancedVertexShader.hlsl">
      <Filter>Content</Filter>
    </FxCompile>
    <FxCompile Include="ColoredVertexShader.hlsl">
      <Filter>Content</Filter>
    </FxCompile>
    <FxCompile Include="ColoredLitPixelShader.hlsl">
      <Filter>Content</Filter>
    </FxCompile>
    <FxCompile Include="Content\SampleVertexShader.hlsl">
      <Filter>Content\Depricated</Filter>
    </FxCompile>
    <FxCompile Include="Content\SamplePixelShader.hlsl">
      <Filter>Content\Depricated</Filter>
    </FxCompile>
    <FxCompile Include="Content\SkyboxPixelShader.hlsl">
      <Filter>Content</Filter>
    </FxCompile>
    <FxCompile Include="Content\SkyboxVertShader.hlsl">
      <Filter>Content</Filter>
    </FxCompile>
    <FxCompile Include="Content\TexturedLitPixelShader.hlsl">
      <Filter>Content</Filter>
    </FxCompile>
    <FxCompile Include="Content\VertexShader.hlsl">
      <Filter>Content</Filter>
    </FxCompile>
  </ItemGroup>
</Project>